
Microsoft Visual Studio Solution File, Format Version 12.00
# Visual Studio 14
VisualStudioVersion = 14.0.25420.1
MinimumVisualStudioVersion = 10.0.40219.1
Project("{FAE04EC0-301F-11D3-BF4B-00C04F79EFBC}") = "Quanta.Core", "Quanta.Core\Quanta.Core.csproj", "{7A6C7618-A7C7-45AA-AB3C-13A82055523D}"
EndProject
Project("{FAE04EC0-301F-11D3-BF4B-00C04F79EFBC}") = "Quanta.Sandbox", "Quanta.Sandbox\Quanta.Sandbox.csproj", "{38ACFC70-D0F2-4469-A6DB-DBC64070A58B}"
EndProject
Global
	GlobalSection(SolutionConfigurationPlatforms) = preSolution
		Debug|Any CPU = Debug|Any CPU
		Release|Any CPU = Release|Any CPU
	EndGlobalSection
	GlobalSection(ProjectConfigurationPlatforms) = postSolution
		{7A6C7618-A7C7-45AA-AB3C-13A82055523D}.Debug|Any CPU.ActiveCfg = Debug|Any CPU
		{7A6C7618-A7C7-45AA-AB3C-13A82055523D}.Debug|Any CPU.Build.0 = Debug|Any CPU
		{7A6C7618-A7C7-45AA-AB3C-13A82055523D}.Release|Any CPU.ActiveCfg = Release|Any CPU
		{7A6C7618-A7C7-45AA-AB3C-13A82055523D}.Release|Any CPU.Build.0 = Release|Any CPU
		{38ACFC70-D0F2-4469-A6DB-DBC64070A58B}.Debug|Any CPU.ActiveCfg = Debug|Any CPU
		{38ACFC70-D0F2-4469-A6DB-DBC64070A58B}.Debug|Any CPU.Build.0 = Debug|Any CPU
		{38ACFC70-D0F2-4469-A6DB-DBC64070A58B}.Release|Any CPU.ActiveCfg = Release|Any CPU
		{38ACFC70-D0F2-4469-A6DB-DBC64070A58B}.Release|Any CPU.Build.0 = Release|Any CPU
	EndGlobalSection
	GlobalSection(SolutionProperties) = preSolution
		HideSolutionNode = FALSE
	EndGlobalSection
EndGlobal
